
Microsoft Visual Studio Solution File, Format Version 12.00
# Visual Studio Version 17
VisualStudioVersion = 17.0.31903.59
MinimumVisualStudioVersion = 10.0.40219.1
Project("{FAE04EC0-301F-11D3-BF4B-00C04F79EFBC}") = "HebergementManager.Web", "HebergementManager.Web\HebergementManager.Web.csproj", "{C19AC558-E12A-451B-AD8D-27CE41C9E445}"
EndProject
Project("{FAE04EC0-301F-11D3-BF4B-00C04F79EFBC}") = "HebergementManager.Api", "HebergementManager.Api\HebergementManager.Api.csproj", "{07D448A7-6666-4768-9EF8-5F3949A1646F}"
EndProject
Global
	GlobalSection(SolutionConfigurationPlatforms) = preSolution
		Debug|Any CPU = Debug|Any CPU
		Debug|x64 = Debug|x64
		Debug|x86 = Debug|x86
		Release|Any CPU = Release|Any CPU
		Release|x64 = Release|x64
		Release|x86 = Release|x86
	EndGlobalSection
	GlobalSection(ProjectConfigurationPlatforms) = postSolution
		{C19AC558-E12A-451B-AD8D-27CE41C9E445}.Debug|Any CPU.ActiveCfg = Debug|Any CPU
		{C19AC558-E12A-451B-AD8D-27CE41C9E445}.Debug|Any CPU.Build.0 = Debug|Any CPU
		{C19AC558-E12A-451B-AD8D-27CE41C9E445}.Debug|x64.ActiveCfg = Debug|Any CPU
		{C19AC558-E12A-451B-AD8D-27CE41C9E445}.Debug|x64.Build.0 = Debug|Any CPU
		{C19AC558-E12A-451B-AD8D-27CE41C9E445}.Debug|x86.ActiveCfg = Debug|Any CPU
		{C19AC558-E12A-451B-AD8D-27CE41C9E445}.Debug|x86.Build.0 = Debug|Any CPU
		{C19AC558-E12A-451B-AD8D-27CE41C9E445}.Release|Any CPU.ActiveCfg = Release|Any CPU
		{C19AC558-E12A-451B-AD8D-27CE41C9E445}.Release|Any CPU.Build.0 = Release|Any CPU
		{C19AC558-E12A-451B-AD8D-27CE41C9E445}.Release|x64.ActiveCfg = Release|Any CPU
		{C19AC558-E12A-451B-AD8D-27CE41C9E445}.Release|x64.Build.0 = Release|Any CPU
		{C19AC558-E12A-451B-AD8D-27CE41C9E445}.Release|x86.ActiveCfg = Release|Any CPU
		{C19AC558-E12A-451B-AD8D-27CE41C9E445}.Release|x86.Build.0 = Release|Any CPU
		{07D448A7-6666-4768-9EF8-5F3949A1646F}.Debug|Any CPU.ActiveCfg = Debug|Any CPU
		{07D448A7-6666-4768-9EF8-5F3949A1646F}.Debug|Any CPU.Build.0 = Debug|Any CPU
		{07D448A7-6666-4768-9EF8-5F3949A1646F}.Debug|x64.ActiveCfg = Debug|Any CPU
		{07D448A7-6666-4768-9EF8-5F3949A1646F}.Debug|x64.Build.0 = Debug|Any CPU
		{07D448A7-6666-4768-9EF8-5F3949A1646F}.Debug|x86.ActiveCfg = Debug|Any CPU
		{07D448A7-6666-4768-9EF8-5F3949A1646F}.Debug|x86.Build.0 = Debug|Any CPU
		{07D448A7-6666-4768-9EF8-5F3949A1646F}.Release|Any CPU.ActiveCfg = Release|Any CPU
		{07D448A7-6666-4768-9EF8-5F3949A1646F}.Release|Any CPU.Build.0 = Release|Any CPU
		{07D448A7-6666-4768-9EF8-5F3949A1646F}.Release|x64.ActiveCfg = Release|Any CPU
		{07D448A7-6666-4768-9EF8-5F3949A1646F}.Release|x64.Build.0 = Release|Any CPU
		{07D448A7-6666-4768-9EF8-5F3949A1646F}.Release|x86.ActiveCfg = Release|Any CPU
		{07D448A7-6666-4768-9EF8-5F3949A1646F}.Release|x86.Build.0 = Release|Any CPU
	EndGlobalSection
	GlobalSection(SolutionProperties) = preSolution
		HideSolutionNode = FALSE
	EndGlobalSection
EndGlobal
